
Microsoft Visual Studio Solution File, Format Version 12.00
# Visual Studio Version 17
VisualStudioVersion = 17.9.34701.34
MinimumVisualStudioVersion = 10.0.40219.1
Project("{9A19103F-16F7-4668-BE54-9A1E7A4F7556}") = "FluentTypeSimulator", "FluentTypeSimulator.csproj", "{FDB3BAAF-D55C-45CF-A830-92CB91B4C9BA}"
EndProject
Global
	GlobalSection(SolutionConfigurationPlatforms) = preSolution
		Debug|Any CPU = Debug|Any CPU
		Release|Any CPU = Release|Any CPU
	EndGlobalSection
	GlobalSection(ProjectConfigurationPlatforms) = postSolution
		{FDB3BAAF-D55C-45CF-A830-92CB91B4C9BA}.Debug|Any CPU.ActiveCfg = Debug|Any CPU
		{FDB3BAAF-D55C-45CF-A830-92CB91B4C9BA}.Debug|Any CPU.Build.0 = Debug|Any CPU
		{FDB3BAAF-D55C-45CF-A830-92CB91B4C9BA}.Release|Any CPU.ActiveCfg = Release|Any CPU
		{FDB3BAAF-D55C-45CF-A830-92CB91B4C9BA}.Release|Any CPU.Build.0 = Release|Any CPU
	EndGlobalSection
	GlobalSection(SolutionProperties) = preSolution
		HideSolutionNode = FALSE
	EndGlobalSection
	GlobalSection(ExtensibilityGlobals) = postSolution
		SolutionGuid = {723E601D-2032-44A8-9662-6092BFD2A553}
	EndGlobalSection
EndGlobal
